// !$*UTF8*$!
{
	archiveVersion = 1;
	classes = {
	};
	objectVersion = 55;
	objects = {

/* Begin PBXBuildFile section */
		6D903F86281A1E2400CF0569 /* AppDelegate.swift in Sources */ = {isa = PBXBuildFile; fileRef = 6D903F85281A1E2400CF0569 /* AppDelegate.swift */; };
		6D903F88281A1E2400CF0569 /* SceneDelegate.swift in Sources */ = {isa = PBXBuildFile; fileRef = 6D903F87281A1E2400CF0569 /* SceneDelegate.swift */; };
		6D903F8A281A1E2400CF0569 /* ViewController.swift in Sources */ = {isa = PBXBuildFile; fileRef = 6D903F89281A1E2400CF0569 /* ViewController.swift */; };
		6D903F8D281A1E2400CF0569 /* Main.storyboard in Resources */ = {isa = PBXBuildFile; fileRef = 6D903F8B281A1E2400CF0569 /* Main.storyboard */; };
		6D903F8F281A1E2D00CF0569 /* Assets.xcassets in Resources */ = {isa = PBXBuildFile; fileRef = 6D903F8E281A1E2D00CF0569 /* Assets.xcassets */; };
		6D903F92281A1E2D00CF0569 /* LaunchScreen.storyboard in Resources */ = {isa = PBXBuildFile; fileRef = 6D903F90281A1E2D00CF0569 /* LaunchScreen.storyboard */; };
		6D903F9A281A281700CF0569 /* APICaller.swift in Sources */ = {isa = PBXBuildFile; fileRef = 6D903F99281A281600CF0569 /* APICaller.swift */; };
		6D903F9F281A2E9D00CF0569 /* Model.swift in Sources */ = {isa = PBXBuildFile; fileRef = 6D903F9E281A2E9D00CF0569 /* Model.swift */; };
		6D903FA1281A355A00CF0569 /* NewsTableViewCell.swift in Sources */ = {isa = PBXBuildFile; fileRef = 6D903FA0281A355A00CF0569 /* NewsTableViewCell.swift */; };
		6D903FA3281A368500CF0569 /* NewsTableViewCellViewModel.swift in Sources */ = {isa = PBXBuildFile; fileRef = 6D903FA2281A368500CF0569 /* NewsTableViewCellViewModel.swift */; };
/* End PBXBuildFile section */

/* Begin PBXFileReference section */
		6D903F82281A1E2400CF0569 /* NewsApp.app */ = {isa = PBXFileReference; explicitFileType = wrapper.application; includeInIndex = 0; path = NewsApp.app; sourceTree = BUILT_PRODUCTS_DIR; };
		6D903F85281A1E2400CF0569 /* AppDelegate.swift */ = {isa = PBXFileReference; lastKnownFileType = sourcecode.swift; path = AppDelegate.swift; sourceTree = "<group>"; };
		6D903F87281A1E2400CF0569 /* SceneDelegate.swift */ = {isa = PBXFileReference; lastKnownFileType = sourcecode.swift; path = SceneDelegate.swift; sourceTree = "<group>"; };
		6D903F89281A1E2400CF0569 /* ViewController.swift */ = {isa = PBXFileReference; lastKnownFileType = sourcecode.swift; path = ViewController.swift; sourceTree = "<group>"; };
		6D903F8C281A1E2400CF0569 /* Base */ = {isa = PBXFileReference; lastKnownFileType = file.storyboard; name = Base; path = Base.lproj/Main.storyboard; sourceTree = "<group>"; };
		6D903F8E281A1E2D00CF0569 /* Assets.xcassets */ = {isa = PBXFileReference; lastKnownFileType = folder.assetcatalog; path = Assets.xcassets; sourceTree = "<group>"; };
		6D903F91281A1E2D00CF0569 /* Base */ = {isa = PBXFileReference; lastKnownFileType = file.storyboard; name = Base; path = Base.lproj/LaunchScreen.storyboard; sourceTree = "<group>"; };
		6D903F93281A1E2D00CF0569 /* Info.plist */ = {isa = PBXFileReference; lastKnownFileType = text.plist.xml; path = Info.plist; sourceTree = "<group>"; };
		6D903F99281A281600CF0569 /* APICaller.swift */ = {isa = PBXFileReference; lastKnownFileType = sourcecode.swift; path = APICaller.swift; sourceTree = "<group>"; };
		6D903F9E281A2E9D00CF0569 /* Model.swift */ = {isa = PBXFileReference; lastKnownFileType = sourcecode.swift; path = Model.swift; sourceTree = "<group>"; };
		6D903FA0281A355A00CF0569 /* NewsTableViewCell.swift */ = {isa = PBXFileReference; lastKnownFileType = sourcecode.swift; path = NewsTableViewCell.swift; sourceTree = "<group>"; };
		6D903FA2281A368500CF0569 /* NewsTableViewCellViewModel.swift */ = {isa = PBXFileReference; lastKnownFileType = sourcecode.swift; path = NewsTableViewCellViewModel.swift; sourceTree = "<group>"; };
/* End PBXFileReference section */

/* Begin PBXFrameworksBuildPhase section */
		6D903F7F281A1E2400CF0569 /* Frameworks */ = {
			isa = PBXFrameworksBuildPhase;
			buildActionMask = 2147483647;
			files = (
			);
			runOnlyForDeploymentPostprocessing = 0;
		};
/* End PBXFrameworksBuildPhase section */

/* Begin PBXGroup section */
		6D903F79281A1E2400CF0569 = {
			isa = PBXGroup;
			children = (
				6D903F84281A1E2400CF0569 /* NewsApp */,
				6D903F83281A1E2400CF0569 /* Products */,
			);
			sourceTree = "<group>";
		};
		6D903F83281A1E2400CF0569 /* Products */ = {
			isa = PBXGroup;
			children = (
				6D903F82281A1E2400CF0569 /* NewsApp.app */,
			);
			name = Products;
			sourceTree = "<group>";
		};
		6D903F84281A1E2400CF0569 /* NewsApp */ = {
			isa = PBXGroup;
			children = (
				6DA36AEE284FE392006D2D80 /* Manager */,
				6D903F9D281A2E7B00CF0569 /* Model */,
				6D903F9C281A2E7300CF0569 /* View */,
				6DA36AEF284FE3CC006D2D80 /* ViewModels */,
				6D903F85281A1E2400CF0569 /* AppDelegate.swift */,
				6D903F87281A1E2400CF0569 /* SceneDelegate.swift */,
				6D903F8B281A1E2400CF0569 /* Main.storyboard */,
				6D903F8E281A1E2D00CF0569 /* Assets.xcassets */,
				6D903F90281A1E2D00CF0569 /* LaunchScreen.storyboard */,
				6D903F93281A1E2D00CF0569 /* Info.plist */,
			);
			path = NewsApp;
			sourceTree = "<group>";
		};
		6D903F9C281A2E7300CF0569 /* View */ = {
			isa = PBXGroup;
			children = (
				6D903FA0281A355A00CF0569 /* NewsTableViewCell.swift */,
				6D903F89281A1E2400CF0569 /* ViewController.swift */,
			);
			path = View;
			sourceTree = "<group>";
		};
		6D903F9D281A2E7B00CF0569 /* Model */ = {
			isa = PBXGroup;
			children = (
				6D903F9E281A2E9D00CF0569 /* Model.swift */,
			);
			path = Model;
			sourceTree = "<group>";
		};
		6DA36AEE284FE392006D2D80 /* Manager */ = {
			isa = PBXGroup;
			children = (
				6D903F99281A281600CF0569 /* APICaller.swift */,
			);
			path = Manager;
			sourceTree = "<group>";
		};
		6DA36AEF284FE3CC006D2D80 /* ViewModels */ = {
			isa = PBXGroup;
			children = (
				6D903FA2281A368500CF0569 /* NewsTableViewCellViewModel.swift */,
			);
			path = ViewModels;
			sourceTree = "<group>";
		};
/* End PBXGroup section */

/* Begin PBXNativeTarget section */
		6D903F81281A1E2400CF0569 /* NewsApp */ = {
			isa = PBXNativeTarget;
			buildConfigurationList = 6D903F96281A1E2D00CF0569 /* Build configuration list for PBXNativeTarget "NewsApp" */;
			buildPhases = (
				6D903F7E281A1E2400CF0569 /* Sources */,
				6D903F7F281A1E2400CF0569 /* Frameworks */,
				6D903F80281A1E2400CF0569 /* Resources */,
			);
			buildRules = (
			);
			dependencies = (
			);
			name = NewsApp;
			productName = NewsApp;
			productReference = 6D903F82281A1E2400CF0569 /* NewsApp.app */;
			productType = "com.apple.product-type.application";
		};
/* End PBXNativeTarget section */

/* Begin PBXProject section */
		6D903F7A281A1E2400CF0569 /* Project object */ = {
			isa = PBXProject;
			attributes = {
				BuildIndependentTargetsInParallel = 1;
				LastSwiftUpdateCheck = 1300;
				LastUpgradeCheck = 1300;
				TargetAttributes = {
					6D903F81281A1E2400CF0569 = {
						CreatedOnToolsVersion = 13.0;
					};
				};
			};
			buildConfigurationList = 6D903F7D281A1E2400CF0569 /* Build configuration list for PBXProject "NewsApp" */;
			compatibilityVersion = "Xcode 13.0";
			developmentRegion = en;
			hasScannedForEncodings = 0;
			knownRegions = (
				en,
				Base,
			);
			mainGroup = 6D903F79281A1E2400CF0569;
			productRefGroup = 6D903F83281A1E2400CF0569 /* Products */;
			projectDirPath = "";
			projectRoot = "";
			targets = (
				6D903F81281A1E2400CF0569 /* NewsApp */,
			);
		};
/* End PBXProject section */

/* Begin PBXResourcesBuildPhase section */
		6D903F80281A1E2400CF0569 /* Resources */ = {
			isa = PBXResourcesBuildPhase;
			buildActionMask = 2147483647;
			files = (
				6D903F92281A1E2D00CF0569 /* LaunchScreen.storyboard in Resources */,
				6D903F8F281A1E2D00CF0569 /* Assets.xcassets in Resources */,
				6D903F8D281A1E2400CF0569 /* Main.storyboard in Resources */,
			);
			runOnlyForDeploymentPostprocessing = 0;
		};
/* End PBXResourcesBuildPhase section */

/* Begin PBXSourcesBuildPhase section */
		6D903F7E281A1E2400CF0569 /* Sources */ = {
			isa = PBXSourcesBuildPhase;
			buildActionMask = 2147483647;
			files = (
				6D903F9F281A2E9D00CF0569 /* Model.swift in Sources */,
				6D903F8A281A1E2400CF0569 /* ViewController.swift in Sources */,
				6D903FA1281A355A00CF0569 /* NewsTableViewCell.swift in Sources */,
				6D903F86281A1E2400CF0569 /* AppDelegate.swift in Sources */,
				6D903FA3281A368500CF0569 /* NewsTableViewCellViewModel.swift in Sources */,
				6D903F88281A1E2400CF0569 /* SceneDelegate.swift in Sources */,
				6D903F9A281A281700CF0569 /* APICaller.swift in Sources */,
			);
			runOnlyForDeploymentPostprocessing = 0;
		};
/* End PBXSourcesBuildPhase section */

/* Begin PBXVariantGroup section */
		6D903F8B281A1E2400CF0569 /* Main.storyboard */ = {
			isa = PBXVariantGroup;
			children = (
				6D903F8C281A1E2400CF0569 /* Base */,
			);
			name = Main.storyboard;
			sourceTree = "<group>";
		};
		6D903F90281A1E2D00CF0569 /* LaunchScreen.storyboard */ = {
			isa = PBXVariantGroup;
			children = (
				6D903F91281A1E2D00CF0569 /* Base */,
			);
			name = LaunchScreen.storyboard;
			sourceTree = "<group>";
		};
/* End PBXVariantGroup section */

/* Begin XCBuildConfiguration section */
		6D903F94281A1E2D00CF0569 /* Debug */ = {
			isa = XCBuildConfiguration;
			buildSettings = {
				ALWAYS_SEARCH_USER_PATHS = NO;
				CLANG_ANALYZER_NONNULL = YES;
				CLANG_ANALYZER_NUMBER_OBJECT_CONVERSION = YES_AGGRESSIVE;
				CLANG_CXX_LANGUAGE_STANDARD = "gnu++17";
				CLANG_CXX_LIBRARY = "libc++";
				CLANG_ENABLE_MODULES = YES;
				CLANG_ENABLE_OBJC_ARC = YES;
				CLANG_ENABLE_OBJC_WEAK = YES;
				CLANG_WARN_BLOCK_CAPTURE_AUTORELEASING = YES;
				CLANG_WARN_BOOL_CONVERSION = YES;
				CLANG_WARN_COMMA = YES;
				CLANG_WARN_CONSTANT_CONVERSION = YES;
				CLANG_WARN_DEPRECATED_OBJC_IMPLEMENTATIONS = YES;
				CLANG_WARN_DIRECT_OBJC_ISA_USAGE = YES_ERROR;
				CLANG_WARN_DOCUMENTATION_COMMENTS = YES;
				CLANG_WARN_EMPTY_BODY = YES;
				CLANG_WARN_ENUM_CONVERSION = YES;
				CLANG_WARN_INFINITE_RECURSION = YES;
				CLANG_WARN_INT_CONVERSION = YES;
				CLANG_WARN_NON_LITERAL_NULL_CONVERSION = YES;
				CLANG_WARN_OBJC_IMPLICIT_RETAIN_SELF = YES;
				CLANG_WARN_OBJC_LITERAL_CONVERSION = YES;
				CLANG_WARN_OBJC_ROOT_CLASS = YES_ERROR;
				CLANG_WARN_QUOTED_INCLUDE_IN_FRAMEWORK_HEADER = YES;
				CLANG_WARN_RANGE_LOOP_ANALYSIS = YES;
				CLANG_WARN_STRICT_PROTOTYPES = YES;
				CLANG_WARN_SUSPICIOUS_MOVE = YES;
				CLANG_WARN_UNGUARDED_AVAILABILITY = YES_AGGRESSIVE;
				CLANG_WARN_UNREACHABLE_CODE = YES;
				CLANG_WARN__DUPLICATE_METHOD_MATCH = YES;
				COPY_PHASE_STRIP = NO;
				DEBUG_INFORMATION_FORMAT = dwarf;
				ENABLE_STRICT_OBJC_MSGSEND = YES;
				ENABLE_TESTABILITY = YES;
				GCC_C_LANGUAGE_STANDARD = gnu11;
				GCC_DYNAMIC_NO_PIC = NO;
				GCC_NO_COMMON_BLOCKS = YES;
				GCC_OPTIMIZATION_LEVEL = 0;
				GCC_PREPROCESSOR_DEFINITIONS = (
					"DEBUG=1",
					"$(inherited)",
				);
				GCC_WARN_64_TO_32_BIT_CONVERSION = YES;
				GCC_WARN_ABOUT_RETURN_TYPE = YES_ERROR;
				GCC_WARN_UNDECLARED_SELECTOR = YES;
				GCC_WARN_UNINITIALIZED_AUTOS = YES_AGGRESSIVE;
				GCC_WARN_UNUSED_FUNCTION = YES;
				GCC_WARN_UNUSED_VARIABLE = YES;
				IPHONEOS_DEPLOYMENT_TARGET = 15.0;
				MTL_ENABLE_DEBUG_INFO = INCLUDE_SOURCE;
				MTL_FAST_MATH = YES;
				ONLY_ACTIVE_ARCH = YES;
				SDKROOT = iphoneos;
				SWIFT_ACTIVE_COMPILATION_CONDITIONS = DEBUG;
				SWIFT_OPTIMIZATION_LEVEL = "-Onone";
			};
			name = Debug;
		};
		6D903F95281A1E2D00CF0569 /* Release */ = {
			isa = XCBuildConfiguration;
			buildSettings = {
				ALWAYS_SEARCH_USER_PATHS = NO;
				CLANG_ANALYZER_NONNULL = YES;
				CLANG_ANALYZER_NUMBER_OBJECT_CONVERSION = YES_AGGRESSIVE;
				CLANG_CXX_LANGUAGE_STANDARD = "gnu++17";
				CLANG_CXX_LIBRARY = "libc++";
				CLANG_ENABLE_MODULES = YES;
				CLANG_ENABLE_OBJC_ARC = YES;
				CLANG_ENABLE_OBJC_WEAK = YES;
				CLANG_WARN_BLOCK_CAPTURE_AUTORELEASING = YES;
				CLANG_WARN_BOOL_CONVERSION = YES;
				CLANG_WARN_COMMA = YES;
				CLANG_WARN_CONSTANT_CONVERSION = YES;
				CLANG_WARN_DEPRECATED_OBJC_IMPLEMENTATIONS = YES;
				CLANG_WARN_DIRECT_OBJC_ISA_USAGE = YES_ERROR;
				CLANG_WARN_DOCUMENTATION_COMMENTS = YES;
				CLANG_WARN_EMPTY_BODY = YES;
				CLANG_WARN_ENUM_CONVERSION = YES;
				CLANG_WARN_INFINITE_RECURSION = YES;
				CLANG_WARN_INT_CONVERSION = YES;
				CLANG_WARN_NON_LITERAL_NULL_CONVERSION = YES;
				CLANG_WARN_OBJC_IMPLICIT_RETAIN_SELF = YES;
				CLANG_WARN_OBJC_LITERAL_CONVERSION = YES;
				CLANG_WARN_OBJC_ROOT_CLASS = YES_ERROR;
				CLANG_WARN_QUOTED_INCLUDE_IN_FRAMEWORK_HEADER = YES;
				CLANG_WARN_RANGE_LOOP_ANALYSIS = YES;
				CLANG_WARN_STRICT_PROTOTYPES = YES;
				CLANG_WARN_SUSPICIOUS_MOVE = YES;
				CLANG_WARN_UNGUARDED_AVAILABILITY = YES_AGGRESSIVE;
				CLANG_WARN_UNREACHABLE_CODE = YES;
				CLANG_WARN__DUPLICATE_METHOD_MATCH = YES;
				COPY_PHASE_STRIP = NO;
				DEBUG_INFORMATION_FORMAT = "dwarf-with-dsym";
				ENABLE_NS_ASSERTIONS = NO;
				ENABLE_STRICT_OBJC_MSGSEND = YES;
				GCC_C_LANGUAGE_STANDARD = gnu11;
				GCC_NO_COMMON_BLOCKS = YES;
				GCC_WARN_64_TO_32_BIT_CONVERSION = YES;
				GCC_WARN_ABOUT_RETURN_TYPE = YES_ERROR;
				GCC_WARN_UNDECLARED_SELECTOR = YES;
				GCC_WARN_UNINITIALIZED_AUTOS = YES_AGGRESSIVE;
				GCC_WARN_UNUSED_FUNCTION = YES;
				GCC_WARN_UNUSED_VARIABLE = YES;
				IPHONEOS_DEPLOYMENT_TARGET = 15.0;
				MTL_ENABLE_DEBUG_INFO = NO;
				MTL_FAST_MATH = YES;
				SDKROOT = iphoneos;
				SWIFT_COMPILATION_MODE = wholemodule;
				SWIFT_OPTIMIZATION_LEVEL = "-O";
				VALIDATE_PRODUCT = YES;
			};
			name = Release;
		};
		6D903F97281A1E2D00CF0569 /* Debug */ = {
			isa = XCBuildConfiguration;
			buildSettings = {
				ASSETCATALOG_COMPILER_APPICON_NAME = AppIcon;
				ASSETCATALOG_COMPILER_GLOBAL_ACCENT_COLOR_NAME = AccentColor;
				CODE_SIGN_STYLE = Automatic;
				CURRENT_PROJECT_VERSION = 1;
				DEVELOPMENT_TEAM = JA7WM4DU9C;
				GENERATE_INFOPLIST_FILE = YES;
				INFOPLIST_FILE = NewsApp/Info.plist;
				INFOPLIST_KEY_UIApplicationSupportsIndirectInputEvents = YES;
				INFOPLIST_KEY_UILaunchStoryboardName = LaunchScreen;
				INFOPLIST_KEY_UIMainStoryboardFile = Main;
				INFOPLIST_KEY_UISupportedInterfaceOrientations_iPad = "UIInterfaceOrientationPortrait UIInterfaceOrientationPortraitUpsideDown UIInterfaceOrientationLandscapeLeft UIInterfaceOrientationLandscapeRight";
				INFOPLIST_KEY_UISupportedInterfaceOrientations_iPhone = "UIInterfaceOrientationPortrait UIInterfaceOrientationLandscapeLeft UIInterfaceOrientationLandscapeRight";
				LD_RUNPATH_SEARCH_PATHS = (
					"$(inherited)",
					"@executable_path/Frameworks",
				);
				MARKETING_VERSION = 1.0;
				PRODUCT_BUNDLE_IDENTIFIER = com.oguz2935.NewsApp;
				PRODUCT_NAME = "$(TARGET_NAME)";
				SWIFT_EMIT_LOC_STRINGS = YES;
				SWIFT_VERSION = 5.0;
				TARGETED_DEVICE_FAMILY = "1,2";
			};
			name = Debug;
		};
		6D903F98281A1E2D00CF0569 /* Release */ = {
			isa = XCBuildConfiguration;
			buildSettings = {
				ASSETCATALOG_COMPILER_APPICON_NAME = AppIcon;
				ASSETCATALOG_COMPILER_GLOBAL_ACCENT_COLOR_NAME = AccentColor;
				CODE_SIGN_STYLE = Automatic;
				CURRENT_PROJECT_VERSION = 1;
				DEVELOPMENT_TEAM = JA7WM4DU9C;
				GENERATE_INFOPLIST_FILE = YES;
				INFOPLIST_FILE = NewsApp/Info.plist;
				INFOPLIST_KEY_UIApplicationSupportsIndirectInputEvents = YES;
				INFOPLIST_KEY_UILaunchStoryboardName = LaunchScreen;
				INFOPLIST_KEY_UIMainStoryboardFile = Main;
				INFOPLIST_KEY_UISupportedInterfaceOrientations_iPad = "UIInterfaceOrientationPortrait UIInterfaceOrientationPortraitUpsideDown UIInterfaceOrientationLandscapeLeft UIInterfaceOrientationLandscapeRight";
				INFOPLIST_KEY_UISupportedInterfaceOrientations_iPhone = "UIInterfaceOrientationPortrait UIInterfaceOrientationLandscapeLeft UIInterfaceOrientationLandscapeRight";
				LD_RUNPATH_SEARCH_PATHS = (
					"$(inherited)",
					"@executable_path/Frameworks",
				);
				MARKETING_VERSION = 1.0;
				PRODUCT_BUNDLE_IDENTIFIER = com.oguz2935.NewsApp;
				PRODUCT_NAME = "$(TARGET_NAME)";
				SWIFT_EMIT_LOC_STRINGS = YES;
				SWIFT_VERSION = 5.0;
				TARGETED_DEVICE_FAMILY = "1,2";
			};
			name = Release;
		};
/* End XCBuildConfiguration section */

/* Begin XCConfigurationList section */
		6D903F7D281A1E2400CF0569 /* Build configuration list for PBXProject "NewsApp" */ = {
			isa = XCConfigurationList;
			buildConfigurations = (
				6D903F94281A1E2D00CF0569 /* Debug */,
				6D903F95281A1E2D00CF0569 /* Release */,
			);
			defaultConfigurationIsVisible = 0;
			defaultConfigurationName = Release;
		};
		6D903F96281A1E2D00CF0569 /* Build configuration list for PBXNativeTarget "NewsApp" */ = {
			isa = XCConfigurationList;
			buildConfigurations = (
				6D903F97281A1E2D00CF0569 /* Debug */,
				6D903F98281A1E2D00CF0569 /* Release */,
			);
			defaultConfigurationIsVisible = 0;
			defaultConfigurationName = Release;
		};
/* End XCConfigurationList section */
	};
	rootObject = 6D903F7A281A1E2400CF0569 /* Project object */;
}
